# THIS IS AN AUTOGENERATED FILE. DO NOT EDIT THIS FILE DIRECTLY.
# yarn lockfile v1


add@^2.0.6:
  version "2.0.6"
  resolved "https://registry.npmjs.org/add/-/add-2.0.6.tgz"
  integrity sha1-JI8Kn25aUo7yKV2+7DBTITCuIjU=

bootstrap@^5.0.0-beta1:
  version "5.0.0-beta1"
  resolved "https://registry.yarnpkg.com/bootstrap/-/bootstrap-5.0.0-beta1.tgz#18135001a452b3ec38b344ac638a1f9549285ee7"
  integrity sha512-UrHApw/WRmT7l2rlDdn5iXr7Jps/LlMZtJlLn9G41aGDfss48hyDeYyHtX1C6NHKVcmdUarGG+ve0LZB5iHyTQ==

datatables@^1.10.11:
  version "1.10.18"
  resolved "https://registry.npmjs.org/datatables/-/datatables-1.10.18.tgz"
  integrity sha512-ntatMgS9NN6UMpwbmO+QkYJuKlVeMA2Mi0Gu/QxyIh+dW7ZjLSDhPT2tWlzjpIWEkDYgieDzS9Nu7bdQCW0sbQ==
  dependencies:
    jquery ">=1.7"

highlightjs@^8.7.0:
  version "8.7.0"
  resolved "https://registry.npmjs.org/highlightjs/-/highlightjs-8.7.0.tgz"
  integrity sha1-Ezl82N2K19TP53rf+4CIoQ7jtwg=

jquery@>=1.7, jquery@^3.5.1:
  version "3.5.1"
  resolved "https://registry.npmjs.org/jquery/-/jquery-3.5.1.tgz"
  integrity sha512-XwIBPqcMn57FxfT+Go5pzySnm4KWkT1Tv7gjrpT1srtf8Weynl6R273VJ5GjkRb51IzMp5nbaPjJXMWeju2MKg==

sigma@1.2.0:
  version "1.2.0"
  resolved "https://registry.npmjs.org/sigma/-/sigma-1.2.0.tgz"
  integrity sha1-aRQN5D/IWPWKcMmCHORCPTDQSHE=

yarn@^1.22.10:
  version "1.22.10"
  resolved "https://registry.npmjs.org/yarn/-/yarn-1.22.10.tgz"
  integrity sha512-IanQGI9RRPAN87VGTF7zs2uxkSyQSrSPsju0COgbsKQOOXr5LtcVPeyXWgwVa0ywG3d8dg6kSYKGBuYK021qeA==
